github.com/martignoni/hugo-notice v0.0.0-20250320135530-d7e24b0222d4 h1:rrCIACq6uJVIVqQNSBNukxW4KbH/Hv9VN3nfLbYwClI=
github.com/martignoni/hugo-notice v0.0.0-20250320135530-d7e24b0222d4/go.mod h1:MIQPOMgEcbyRC0gNLzQFSgrS+wIy3RuQ/HbaZYtTOKU=
github.com/rvanhorn/hugo-dynamic-tabs v0.0.0-20220116224547-38f93d6f4e5d h1:rWgTHrxC0hZq/gvJNEfC5CbnBz0CyiFSXBh1oTCwUNI=
github.com/rvanhorn/hugo-dynamic-tabs v0.0.0-20220116224547-38f93d6f4e5d/go.mod h1:aAaIk1c3YJ8Is8cuXswMwXZYBiNS67hCptwTCvH1H0w=
